lockfileVersion: '9.0'

settings:
  autoInstallPeers: true
  excludeLinksFromLockfile: false

importers:

  .:
    dependencies:
      prettier:
        specifier: 2.8.4
        version: 2.8.4
      prettier-plugin-sh:
        specifier: ^0.12.8
        version: 0.12.8(prettier@2.8.4)

packages:

  '@pkgr/core@0.1.1':
    resolution: {integrity: sha512-cq8o4cWH0ibXh9VGi5P20Tu9XF/0fFXl9EUinr9QfTM7a7p0oTA4iJRCQWppXR1Pg8dSM0UCItCkPwsk9qWWYA==}
    engines: {node: ^12.20.0 || ^14.18.0 || >=16.0.0}

  mvdan-sh@0.10.1:
    resolution: {integrity: sha512-kMbrH0EObaKmK3nVRKUIIya1dpASHIEusM13S4V1ViHFuxuNxCo+arxoa6j/dbV22YBGjl7UKJm9QQKJ2Crzhg==}

  prettier-plugin-sh@0.12.8:
    resolution: {integrity: sha512-VOq8h2Gn5UzrCIKm4p/nAScXJbN09HdyFDknAcxt6Qu/tv/juu9bahxSrcnM9XWYA+Spz1F1ANJ4LhfwB7+Q1Q==}
    engines: {node: ^12.20.0 || ^14.18.0 || >=16.0.0}
    peerDependencies:
      prettier: ^2.0.0

  prettier@2.8.4:
    resolution: {integrity: sha512-vIS4Rlc2FNh0BySk3Wkd6xmwxB0FpOndW5fisM5H8hsZSxU2VWVB5CWIkIjWvrHjIhxk2g3bfMKM87zNTrZddw==}
    engines: {node: '>=10.13.0'}
    hasBin: true

  sh-syntax@0.3.7:
    resolution: {integrity: sha512-xIB/uRniZ9urxAuXp1Ouh/BKSI1VK8RSqfwGj7cV57HvGrFo3vHdJfv8Tdp/cVcxJgXQTkmHr5mG5rqJW8r4wQ==}
    engines: {node: ^12.20.0 || ^14.18.0 || >=16.0.0}

  synckit@0.8.8:
    resolution: {integrity: sha512-HwOKAP7Wc5aRGYdKH+dw0PRRpbO841v2DENBtjnR5HFWoiNByAl7vrx3p0G/rCyYXQsrxqtX48TImFtPcIHSpQ==}
    engines: {node: ^14.18.0 || >=16.0.0}

  tslib@2.6.2:
    resolution: {integrity: sha512-AEYxH93jGFPn/a2iVAwW87VuUIkR1FVUKB77NwMF7nBTDkDrrT/Hpt/IrCJ0QXhW27jTBDcf5ZY7w6RiqTMw2Q==}

snapshots:

  '@pkgr/core@0.1.1': {}

  mvdan-sh@0.10.1: {}

  prettier-plugin-sh@0.12.8(prettier@2.8.4):
    dependencies:
      mvdan-sh: 0.10.1
      prettier: 2.8.4
      sh-syntax: 0.3.7
      synckit: 0.8.8

  prettier@2.8.4: {}

  sh-syntax@0.3.7:
    dependencies:
      tslib: 2.6.2

  synckit@0.8.8:
    dependencies:
      '@pkgr/core': 0.1.1
      tslib: 2.6.2

  tslib@2.6.2: {}
